// !$*UTF8*$!
{
	archiveVersion = 1;
	classes = {
	};
	objectVersion = 46;
	objects = {

/* Begin PBXBuildFile section */
		D70DF2D31CB7CD7D00F00D1F /* PokemonViewController.swift in Sources */ = {isa = PBXBuildFile; fileRef = D70DF2D21CB7CD7D00F00D1F /* PokemonViewController.swift */; };
		D70DF2D71CB8173900F00D1F /* SettingsViewController.swift in Sources */ = {isa = PBXBuildFile; fileRef = D70DF2D61CB8173900F00D1F /* SettingsViewController.swift */; };
		D73E1F7E1CB6E506008BBB7E /* AppDelegate.swift in Sources */ = {isa = PBXBuildFile; fileRef = D73E1F7D1CB6E506008BBB7E /* AppDelegate.swift */; };
		D73E1F801CB6E506008BBB7E /* ViewController.swift in Sources */ = {isa = PBXBuildFile; fileRef = D73E1F7F1CB6E506008BBB7E /* ViewController.swift */; };
		D73E1F831CB6E506008BBB7E /* Main.storyboard in Resources */ = {isa = PBXBuildFile; fileRef = D73E1F811CB6E506008BBB7E /* Main.storyboard */; };
		D73E1F851CB6E506008BBB7E /* Assets.xcassets in Resources */ = {isa = PBXBuildFile; fileRef = D73E1F841CB6E506008BBB7E /* Assets.xcassets */; };
		D73E1F881CB6E506008BBB7E /* LaunchScreen.storyboard in Resources */ = {isa = PBXBuildFile; fileRef = D73E1F861CB6E506008BBB7E /* LaunchScreen.storyboard */; };
		D73E1F901CB6E542008BBB7E /* Pokemon.swift in Sources */ = {isa = PBXBuildFile; fileRef = D73E1F8F1CB6E542008BBB7E /* Pokemon.swift */; };
/* End PBXBuildFile section */

/* Begin PBXFileReference section */
		D70DF2D21CB7CD7D00F00D1F /* PokemonViewController.swift */ = {isa = PBXFileReference; fileEncoding = 4; lastKnownFileType = sourcecode.swift; path = PokemonViewController.swift; sourceTree = "<group>"; };
		D70DF2D61CB8173900F00D1F /* SettingsViewController.swift */ = {isa = PBXFileReference; fileEncoding = 4; lastKnownFileType = sourcecode.swift; path = SettingsViewController.swift; sourceTree = "<group>"; };
		D73E1F7A1CB6E506008BBB7E /* MBD2_Asessment_Sven_Rik.app */ = {isa = PBXFileReference; explicitFileType = wrapper.application; includeInIndex = 0; path = MBD2_Asessment_Sven_Rik.app; sourceTree = BUILT_PRODUCTS_DIR; };
		D73E1F7D1CB6E506008BBB7E /* AppDelegate.swift */ = {isa = PBXFileReference; lastKnownFileType = sourcecode.swift; path = AppDelegate.swift; sourceTree = "<group>"; };
		D73E1F7F1CB6E506008BBB7E /* ViewController.swift */ = {isa = PBXFileReference; lastKnownFileType = sourcecode.swift; path = ViewController.swift; sourceTree = "<group>"; };
		D73E1F821CB6E506008BBB7E /* Base */ = {isa = PBXFileReference; lastKnownFileType = file.storyboard; name = Base; path = Base.lproj/Main.storyboard; sourceTree = "<group>"; };
		D73E1F841CB6E506008BBB7E /* Assets.xcassets */ = {isa = PBXFileReference; lastKnownFileType = folder.assetcatalog; path = Assets.xcassets; sourceTree = "<group>"; };
		D73E1F871CB6E506008BBB7E /* Base */ = {isa = PBXFileReference; lastKnownFileType = file.storyboard; name = Base; path = Base.lproj/LaunchScreen.storyboard; sourceTree = "<group>"; };
		D73E1F891CB6E506008BBB7E /* Info.plist */ = {isa = PBXFileReference; lastKnownFileType = text.plist.xml; path = Info.plist; sourceTree = "<group>"; };
		D73E1F8F1CB6E542008BBB7E /* Pokemon.swift */ = {isa = PBXFileReference; fileEncoding = 4; lastKnownFileType = sourcecode.swift; path = Pokemon.swift; sourceTree = "<group>"; };
/* End PBXFileReference section */

/* Begin PBXFrameworksBuildPhase section */
		D73E1F771CB6E506008BBB7E /* Frameworks */ = {
			isa = PBXFrameworksBuildPhase;
			buildActionMask = 2147483647;
			files = (
			);
			runOnlyForDeploymentPostprocessing = 0;
		};
/* End PBXFrameworksBuildPhase section */

/* Begin PBXGroup section */
		D73E1F711CB6E506008BBB7E = {
			isa = PBXGroup;
			children = (
				D73E1F7C1CB6E506008BBB7E /* MBD2_Asessment_Sven_Rik */,
				D73E1F7B1CB6E506008BBB7E /* Products */,
			);
			sourceTree = "<group>";
		};
		D73E1F7B1CB6E506008BBB7E /* Products */ = {
			isa = PBXGroup;
			children = (
				D73E1F7A1CB6E506008BBB7E /* MBD2_Asessment_Sven_Rik.app */,
			);
			name = Products;
			sourceTree = "<group>";
		};
		D73E1F7C1CB6E506008BBB7E /* MBD2_Asessment_Sven_Rik */ = {
			isa = PBXGroup;
			children = (
				D73E1F7D1CB6E506008BBB7E /* AppDelegate.swift */,
				D73E1F7F1CB6E506008BBB7E /* ViewController.swift */,
				D73E1F811CB6E506008BBB7E /* Main.storyboard */,
				D70DF2D61CB8173900F00D1F /* SettingsViewController.swift */,
				D73E1F841CB6E506008BBB7E /* Assets.xcassets */,
				D73E1F861CB6E506008BBB7E /* LaunchScreen.storyboard */,
				D73E1F891CB6E506008BBB7E /* Info.plist */,
				D73E1F8F1CB6E542008BBB7E /* Pokemon.swift */,
				D70DF2D21CB7CD7D00F00D1F /* PokemonViewController.swift */,
			);
			path = MBD2_Asessment_Sven_Rik;
			sourceTree = "<group>";
		};
/* End PBXGroup section */

/* Begin PBXNativeTarget section */
		D73E1F791CB6E506008BBB7E /* MBD2_Asessment_Sven_Rik */ = {
			isa = PBXNativeTarget;
			buildConfigurationList = D73E1F8C1CB6E506008BBB7E /* Build configuration list for PBXNativeTarget "MBD2_Asessment_Sven_Rik" */;
			buildPhases = (
				D73E1F761CB6E506008BBB7E /* Sources */,
				D73E1F771CB6E506008BBB7E /* Frameworks */,
				D73E1F781CB6E506008BBB7E /* Resources */,
			);
			buildRules = (
			);
			dependencies = (
			);
			name = MBD2_Asessment_Sven_Rik;
			productName = MBD2_Asessment_Sven_Rik;
			productReference = D73E1F7A1CB6E506008BBB7E /* MBD2_Asessment_Sven_Rik.app */;
			productType = "com.apple.product-type.application";
		};
/* End PBXNativeTarget section */

/* Begin PBXProject section */
		D73E1F721CB6E506008BBB7E /* Project object */ = {
			isa = PBXProject;
			attributes = {
				LastSwiftUpdateCheck = 0720;
				LastUpgradeCheck = 0720;
				ORGANIZATIONNAME = "Sven Brettschneider & Rik van den Heuvel";
				TargetAttributes = {
					D73E1F791CB6E506008BBB7E = {
						CreatedOnToolsVersion = 7.2.1;
						DevelopmentTeam = CPWDT5JD28;
					};
				};
			};
			buildConfigurationList = D73E1F751CB6E506008BBB7E /* Build configuration list for PBXProject "MBD2_Asessment_Sven_Rik" */;
			compatibilityVersion = "Xcode 3.2";
			developmentRegion = English;
			hasScannedForEncodings = 0;
			knownRegions = (
				en,
				Base,
			);
			mainGroup = D73E1F711CB6E506008BBB7E;
			productRefGroup = D73E1F7B1CB6E506008BBB7E /* Products */;
			projectDirPath = "";
			projectRoot = "";
			targets = (
				D73E1F791CB6E506008BBB7E /* MBD2_Asessment_Sven_Rik */,
			);
		};
/* End PBXProject section */

/* Begin PBXResourcesBuildPhase section */
		D73E1F781CB6E506008BBB7E /* Resources */ = {
			isa = PBXResourcesBuildPhase;
			buildActionMask = 2147483647;
			files = (
				D73E1F881CB6E506008BBB7E /* LaunchScreen.storyboard in Resources */,
				D73E1F851CB6E506008BBB7E /* Assets.xcassets in Resources */,
				D73E1F831CB6E506008BBB7E /* Main.storyboard in Resources */,
			);
			runOnlyForDeploymentPostprocessing = 0;
		};
/* End PBXResourcesBuildPhase section */

/* Begin PBXSourcesBuildPhase section */
		D73E1F761CB6E506008BBB7E /* Sources */ = {
			isa = PBXSourcesBuildPhase;
			buildActionMask = 2147483647;
			files = (
				D73E1F801CB6E506008BBB7E /* ViewController.swift in Sources */,
				D73E1F7E1CB6E506008BBB7E /* AppDelegate.swift in Sources */,
				D70DF2D31CB7CD7D00F00D1F /* PokemonViewController.swift in Sources */,
				D70DF2D71CB8173900F00D1F /* SettingsViewController.swift in Sources */,
				D73E1F901CB6E542008BBB7E /* Pokemon.swift in Sources */,
			);
			runOnlyForDeploymentPostprocessing = 0;
		};
/* End PBXSourcesBuildPhase section */

/* Begin PBXVariantGroup section */
		D73E1F811CB6E506008BBB7E /* Main.storyboard */ = {
			isa = PBXVariantGroup;
			children = (
				D73E1F821CB6E506008BBB7E /* Base */,
			);
			name = Main.storyboard;
			sourceTree = "<group>";
		};
		D73E1F861CB6E506008BBB7E /* LaunchScreen.storyboard */ = {
			isa = PBXVariantGroup;
			children = (
				D73E1F871CB6E506008BBB7E /* Base */,
			);
			name = LaunchScreen.storyboard;
			sourceTree = "<group>";
		};
/* End PBXVariantGroup section */

/* Begin XCBuildConfiguration section */
		D73E1F8A1CB6E506008BBB7E /* Debug */ = {
			isa = XCBuildConfiguration;
			buildSettings = {
				ALWAYS_SEARCH_USER_PATHS = NO;
				CLANG_CXX_LANGUAGE_STANDARD = "gnu++0x";
				CLANG_CXX_LIBRARY = "libc++";
				CLANG_ENABLE_MODULES = YES;
				CLANG_ENABLE_OBJC_ARC = YES;
				CLANG_WARN_BOOL_CONVERSION = YES;
				CLANG_WARN_CONSTANT_CONVERSION = YES;
				CLANG_WARN_DIRECT_OBJC_ISA_USAGE = YES_ERROR;
				CLANG_WARN_EMPTY_BODY = YES;
				CLANG_WARN_ENUM_CONVERSION = YES;
				CLANG_WARN_INT_CONVERSION = YES;
				CLANG_WARN_OBJC_ROOT_CLASS = YES_ERROR;
				CLANG_WARN_UNREACHABLE_CODE = YES;
				CLANG_WARN__DUPLICATE_METHOD_MATCH = YES;
				"CODE_SIGN_IDENTITY[sdk=iphoneos*]" = "iPhone Developer";
				COPY_PHASE_STRIP = NO;
				DEBUG_INFORMATION_FORMAT = dwarf;
				ENABLE_STRICT_OBJC_MSGSEND = YES;
				ENABLE_TESTABILITY = YES;
				GCC_C_LANGUAGE_STANDARD = gnu99;
				GCC_DYNAMIC_NO_PIC = NO;
				GCC_NO_COMMON_BLOCKS = YES;
				GCC_OPTIMIZATION_LEVEL = 0;
				GCC_PREPROCESSOR_DEFINITIONS = (
					"DEBUG=1",
					"$(inherited)",
				);
				GCC_WARN_64_TO_32_BIT_CONVERSION = YES;
				GCC_WARN_ABOUT_RETURN_TYPE = YES_ERROR;
				GCC_WARN_UNDECLARED_SELECTOR = YES;
				GCC_WARN_UNINITIALIZED_AUTOS = YES_AGGRESSIVE;
				GCC_WARN_UNUSED_FUNCTION = YES;
				GCC_WARN_UNUSED_VARIABLE = YES;
				IPHONEOS_DEPLOYMENT_TARGET = 9.2;
				MTL_ENABLE_DEBUG_INFO = YES;
				ONLY_ACTIVE_ARCH = YES;
				SDKROOT = iphoneos;
				SWIFT_OPTIMIZATION_LEVEL = "-Onone";
			};
			name = Debug;
		};
		D73E1F8B1CB6E506008BBB7E /* Release */ = {
			isa = XCBuildConfiguration;
			buildSettings = {
				ALWAYS_SEARCH_USER_PATHS = NO;
				CLANG_CXX_LANGUAGE_STANDARD = "gnu++0x";
				CLANG_CXX_LIBRARY = "libc++";
				CLANG_ENABLE_MODULES = YES;
				CLANG_ENABLE_OBJC_ARC = YES;
				CLANG_WARN_BOOL_CONVERSION = YES;
				CLANG_WARN_CONSTANT_CONVERSION = YES;
				CLANG_WARN_DIRECT_OBJC_ISA_USAGE = YES_ERROR;
				CLANG_WARN_EMPTY_BODY = YES;
				CLANG_WARN_ENUM_CONVERSION = YES;
				CLANG_WARN_INT_CONVERSION = YES;
				CLANG_WARN_OBJC_ROOT_CLASS = YES_ERROR;
				CLANG_WARN_UNREACHABLE_CODE = YES;
				CLANG_WARN__DUPLICATE_METHOD_MATCH = YES;
				"CODE_SIGN_IDENTITY[sdk=iphoneos*]" = "iPhone Developer";
				COPY_PHASE_STRIP = NO;
				DEBUG_INFORMATION_FORMAT = "dwarf-with-dsym";
				ENABLE_NS_ASSERTIONS = NO;
				ENABLE_STRICT_OBJC_MSGSEND = YES;
				GCC_C_LANGUAGE_STANDARD = gnu99;
				GCC_NO_COMMON_BLOCKS = YES;
				GCC_WARN_64_TO_32_BIT_CONVERSION = YES;
				GCC_WARN_ABOUT_RETURN_TYPE = YES_ERROR;
				GCC_WARN_UNDECLARED_SELECTOR = YES;
				GCC_WARN_UNINITIALIZED_AUTOS = YES_AGGRESSIVE;
				GCC_WARN_UNUSED_FUNCTION = YES;
				GCC_WARN_UNUSED_VARIABLE = YES;
				IPHONEOS_DEPLOYMENT_TARGET = 9.2;
				MTL_ENABLE_DEBUG_INFO = NO;
				SDKROOT = iphoneos;
				VALIDATE_PRODUCT = YES;
			};
			name = Release;
		};
		D73E1F8D1CB6E506008BBB7E /* Debug */ = {
			isa = XCBuildConfiguration;
			buildSettings = {
				ASSETCATALOG_COMPILER_APPICON_NAME = AppIcon;
				CODE_SIGN_IDENTITY = "iPhone Developer";
				"CODE_SIGN_IDENTITY[sdk=iphoneos*]" = "iPhone Developer";
				INFOPLIST_FILE = MBD2_Asessment_Sven_Rik/Info.plist;
				LD_RUNPATH_SEARCH_PATHS = "$(inherited) @executable_path/Frameworks";
				PRODUCT_BUNDLE_IDENTIFIER = "avans.MBD2-Asessment-Sven-Rik";
				PRODUCT_NAME = "$(TARGET_NAME)";
				PROVISIONING_PROFILE = "";
			};
			name = Debug;
		};
		D73E1F8E1CB6E506008BBB7E /* Release */ = {
			isa = XCBuildConfiguration;
			buildSettings = {
				ASSETCATALOG_COMPILER_APPICON_NAME = AppIcon;
				CODE_SIGN_IDENTITY = "iPhone Developer";
				"CODE_SIGN_IDENTITY[sdk=iphoneos*]" = "iPhone Developer";
				INFOPLIST_FILE = MBD2_Asessment_Sven_Rik/Info.plist;
				LD_RUNPATH_SEARCH_PATHS = "$(inherited) @executable_path/Frameworks";
				PRODUCT_BUNDLE_IDENTIFIER = "avans.MBD2-Asessment-Sven-Rik";
				PRODUCT_NAME = "$(TARGET_NAME)";
				PROVISIONING_PROFILE = "";
			};
			name = Release;
		};
/* End XCBuildConfiguration section */

/* Begin XCConfigurationList section */
		D73E1F751CB6E506008BBB7E /* Build configuration list for PBXProject "MBD2_Asessment_Sven_Rik" */ = {
			isa = XCConfigurationList;
			buildConfigurations = (
				D73E1F8A1CB6E506008BBB7E /* Debug */,
				D73E1F8B1CB6E506008BBB7E /* Release */,
			);
			defaultConfigurationIsVisible = 0;
			defaultConfigurationName = Release;
		};
		D73E1F8C1CB6E506008BBB7E /* Build configuration list for PBXNativeTarget "MBD2_Asessment_Sven_Rik" */ = {
			isa = XCConfigurationList;
			buildConfigurations = (
				D73E1F8D1CB6E506008BBB7E /* Debug */,
				D73E1F8E1CB6E506008BBB7E /* Release */,
			);
			defaultConfigurationIsVisible = 0;
			defaultConfigurationName = Release;
		};
/* End XCConfigurationList section */
	};
	rootObject = D73E1F721CB6E506008BBB7E /* Project object */;
}
